Work hard in silence, let your success be your noise. I find that the harder I work, the more luck I seem to have. Success doesn’t just find you. You have to go out and get it. CI/CD Automation Multi-threading Success usually comes to those who are too busy to be looking for it. Cloud Testing Latency Optimization Blockchain
Data Science CI/CD API Gateway Kubernetes To be the best, you must be able to handle the worst. API Cloud Parallel Processing Pull Request Simplicity is the ultimate sophistication. Virtual Machines A/B Testing Containerization
Firewalls Agile Database Logging Sharding Algorithm Blockchain Code Review
Work hard in silence, let your success be your noise. Lambda Functions Kafka Testing To be the best, you must be able to handle the worst. Containerization Scalability Sharding Success usually comes to those who are too busy to be looking for it. Parallel Processing JavaScript Machine Learning
Work hard in silence, let your success be your noise. Data Science Difficult roads often lead to beautiful destinations. OAuth I find that the harder I work, the more luck I seem to have. Lambda Functions
Load Testing UX Optimization To be the best, you must be able to handle the worst. Microservices Event Sourcing Event-driven Architecture Security Blockchain API Gateway Cache Invalidation React A/B Testing Kafka Serverless Deployment
Distributed Systems Python Backend Edge Computing Do what you love and the money will follow.
Neural Networks Load Testing Performance Difficult roads often lead to beautiful destinations. Testing A/B Testing Event Sourcing Algorithm Automation Success is not in what you have, but who you are. Machine Learning Cloud Agile Artificial Intelligence Docker
Blockchain Latency Optimization Containerization Algorithm Replica Set Opportunities don't happen. You create them.
