Work hard in silence, let your success be your noise. I find that the harder I work, the more luck I seem to have. Success doesn’t just find you. You have to go out and get it. CI/CD Automation Multi-threading Success usually comes to those who are too busy to be looking for it. Cloud Testing Latency Optimization Blockchain
Data Science CI/CD API Gateway Kubernetes To be the best, you must be able to handle the worst. API Cloud Parallel Processing Pull Request Simplicity is the ultimate sophistication. Virtual Machines A/B Testing Containerization
Firewalls Agile Database Logging Sharding Algorithm Blockchain Code Review
