Work hard in silence, let your success be your noise. I find that the harder I work, the more luck I seem to have. Success doesn’t just find you. You have to go out and get it. CI/CD Automation Multi-threading Success usually comes to those who are too busy to be looking for it. Cloud Testing Latency Optimization Blockchain
